{
  "nodes": {
    "easy-purescript-src": {
      "flake": false,
      "locked": {
        "lastModified": 1654121141,
        "narHash": "sha256-mkHIyWk5Xh54FqCU7CT3G/tnHF7mLbQt3EfnNCMCTO8=",
        "owner": "justinwoo",
        "repo": "easy-purescript-nix",
        "rev": "5dca2f0f3b9ec0bceabb23fa1fd2b5f8ec30fa53",
        "type": "github"
      },
      "original": {
        "owner": "justinwoo",
        "repo": "easy-purescript-nix",
        "type": "github"
      }
    },
    "nixpkgs-stable": {
      "locked": {
        "lastModified": 1643896225,
        "narHash": "sha256-xKQ0HIUUFuC/0CWFKZUp4CZ4pKTXHV590xnjiIMrs8E=",
        "owner": "NixOS",
        "repo": "nixpkgs",
        "rev": "895c42edf4cd44b8bd9627c2402026014281bf51",
        "type": "github"
      },
      "original": {
        "owner": "NixOS",
        "ref": "release-21.11",
        "repo": "nixpkgs",
        "type": "github"
      }
    },
    "nixpkgs-unstable": {
      "locked": {
        "lastModified": 1643472818,
        "narHash": "sha256-qzVPxKDUubYIxKRSuDl/JgzXWSmGvUVYny9SxFMfPJM=",
        "owner": "NixOS",
        "repo": "nixpkgs",
        "rev": "7f65e4abd5ecaad12d2d26e4380d1a7d8edafea7",
        "type": "github"
      },
      "original": {
        "owner": "NixOS",
        "ref": "nixpkgs-unstable",
        "repo": "nixpkgs",
        "type": "github"
      }
    },
    "root": {
      "inputs": {
        "easy-purescript-src": "easy-purescript-src",
        "nixpkgs-stable": "nixpkgs-stable",
        "nixpkgs-unstable": "nixpkgs-unstable",
        "utils": "utils"
      }
    },
    "utils": {
      "locked": {
        "lastModified": 1642700792,
        "narHash": "sha256-XqHrk7hFb+zBvRg6Ghl+AZDq03ov6OshJLiSWOoX5es=",
        "owner": "numtide",
        "repo": "flake-utils",
        "rev": "846b2ae0fc4cc943637d3d1def4454213e203cba",
        "type": "github"
      },
      "original": {
        "owner": "numtide",
        "repo": "flake-utils",
        "type": "github"
      }
    }
  },
  "root": "root",
  "version": 7
}
